
Microsoft Visual Studio Solution File, Format Version 12.00
# Visual Studio Version 17
VisualStudioVersion = 17.13.35806.99
MinimumVisualStudioVersion = 10.0.40219.1
Project("{FAE04EC0-301F-11D3-BF4B-00C04F79EFBC}") = "Chatting App", "Chatting App\Chatting App.csproj", "{9E6B2EE8-D1C7-4FE3-9664-7D91A66E83BB}"
EndProject
Project("{FAE04EC0-301F-11D3-BF4B-00C04F79EFBC}") = "WpfApp1", "..\..\ADBMS Project\WpfApp1\WpfApp1.csproj", "{2996E3C1-AADD-4790-8ABA-6C493487541D}"
EndProject
Global
	GlobalSection(SolutionConfigurationPlatforms) = preSolution
		Debug|Any CPU = Debug|Any CPU
		Release|Any CPU = Release|Any CPU
	EndGlobalSection
	GlobalSection(ProjectConfigurationPlatforms) = postSolution
		{9E6B2EE8-D1C7-4FE3-9664-7D91A66E83BB}.Debug|Any CPU.ActiveCfg = Debug|Any CPU
		{9E6B2EE8-D1C7-4FE3-9664-7D91A66E83BB}.Debug|Any CPU.Build.0 = Debug|Any CPU
		{9E6B2EE8-D1C7-4FE3-9664-7D91A66E83BB}.Release|Any CPU.ActiveCfg = Release|Any CPU
		{9E6B2EE8-D1C7-4FE3-9664-7D91A66E83BB}.Release|Any CPU.Build.0 = Release|Any CPU
		{2996E3C1-AADD-4790-8ABA-6C493487541D}.Debug|Any CPU.ActiveCfg = Debug|Any CPU
		{2996E3C1-AADD-4790-8ABA-6C493487541D}.Debug|Any CPU.Build.0 = Debug|Any CPU
		{2996E3C1-AADD-4790-8ABA-6C493487541D}.Release|Any CPU.ActiveCfg = Release|Any CPU
		{2996E3C1-AADD-4790-8ABA-6C493487541D}.Release|Any CPU.Build.0 = Release|Any CPU
	EndGlobalSection
	GlobalSection(SolutionProperties) = preSolution
		HideSolutionNode = FALSE
	EndGlobalSection
	GlobalSection(ExtensibilityGlobals) = postSolution
		SolutionGuid = {5BECEFBD-3194-4BF2-9C6C-7C8C2D1D1EEE}
	EndGlobalSection
EndGlobal
