
Microsoft Visual Studio Solution File, Format Version 12.00
# Visual Studio Version 17
VisualStudioVersion = 17.13.35806.99 d17.13
MinimumVisualStudioVersion = 10.0.40219.1
Project("{FAE04EC0-301F-11D3-BF4B-00C04F79EFBC}") = "WebApplication2", "WebApplication2\WebApplication2.csproj", "{EC5295E1-C3C8-48F0-90B9-DE9014ECF79E}"
EndProject
Global
	GlobalSection(SolutionConfigurationPlatforms) = preSolution
		Debug|Any CPU = Debug|Any CPU
		Release|Any CPU = Release|Any CPU
	EndGlobalSection
	GlobalSection(ProjectConfigurationPlatforms) = postSolution
		{EC5295E1-C3C8-48F0-90B9-DE9014ECF79E}.Debug|Any CPU.ActiveCfg = Debug|Any CPU
		{EC5295E1-C3C8-48F0-90B9-DE9014ECF79E}.Debug|Any CPU.Build.0 = Debug|Any CPU
		{EC5295E1-C3C8-48F0-90B9-DE9014ECF79E}.Release|Any CPU.ActiveCfg = Release|Any CPU
		{EC5295E1-C3C8-48F0-90B9-DE9014ECF79E}.Release|Any CPU.Build.0 = Release|Any CPU
	EndGlobalSection
	GlobalSection(SolutionProperties) = preSolution
		HideSolutionNode = FALSE
	EndGlobalSection
	GlobalSection(ExtensibilityGlobals) = postSolution
		SolutionGuid = {E6661302-2100-4765-A1FF-5C9A05B91A5E}
	EndGlobalSection
EndGlobal
